Microsoft Visual Studio Solution File, Format Version 11.00
# Visual Studio 2008

Project("{14086407-8AEC-A1C7-C35B-4BEB33C53C34}") = "Microsoft", "Assembly-CSharp.csproj", "{97195E6B-8481-A956-8743-FD479A55FCBC}"
EndProject
Global
	GlobalSection(SolutionConfigurationPlatforms) = preSolution
		Debug|Any CPU = Debug|Any CPU
		Release|Any CPU = Release|Any CPU
	EndGlobalSection
	GlobalSection(ProjectConfigurationPlatforms) = postSolution
		{97195E6B-8481-A956-8743-FD479A55FCBC}.Debug|Any CPU.ActiveCfg = Debug|Any CPU
		{97195E6B-8481-A956-8743-FD479A55FCBC}.Debug|Any CPU.Build.0 = Debug|Any CPU
		{97195E6B-8481-A956-8743-FD479A55FCBC}.Release|Any CPU.ActiveCfg = Release|Any CPU
		{97195E6B-8481-A956-8743-FD479A55FCBC}.Release|Any CPU.Build.0 = Release|Any CPU
	EndGlobalSection
	GlobalSection(SolutionProperties) = preSolution
		HideSolutionNode = FALSE
	EndGlobalSection
	GlobalSection(MonoDevelopProperties) = preSolution
		StartupItem = Assembly-CSharp.csproj
	EndGlobalSection
EndGlobal
